<?xml version="1.0" encoding="utf-8"?>
<Project ToolsVersion="4.0" xmlns="http://schemas.microsoft.com/developer/msbuild/2003">
  <ItemGroup>
    <Filter Include="Source Files">
      <UniqueIdentifier>{4FC737F1-C7A5-4376-A066-2A32D752A2FF}</UniqueIdentifier>
      <Extensions>cpp;c;cc;cxx;c++;cppm;ixx;def;odl;idl;hpj;bat;asm;asmx</Extensions>
    </Filter>
    <Filter Include="Header Files">
      <UniqueIdentifier>{93995380-89BD-4b04-88EB-625FBE52EBFB}</UniqueIdentifier>
      <Extensions>h;hh;hpp;hxx;h++;hm;inl;inc;ipp;xsd</Extensions>
    </Filter>
    <Filter Include="Resource Files">
      <UniqueIdentifier>{67DA6AB6-F800-4c08-8B7A-83BB121AAD01}</UniqueIdentifier>
      <Extensions>rc;ico;cur;bmp;dlg;rc2;rct;bin;rgs;gif;jpg;jpeg;jpe;resx;tiff;tif;png;wav;mfcribbon-ms</Extensions>
    </Filter>
    <Filter Include="Shaders">
      <UniqueIdentifier>{c412dd36-7aa5-4552-99fa-695c39117b35}</UniqueIdentifier>
    </Filter>
    <Filter Include="Textures">
      <UniqueIdentifier>{497f55fa-d83b-44d7-99e4-747fa2c8897f}</UniqueIdentifier>
    </Filter>
    <Filter Include="Textures\Blocks">
      <UniqueIdentifier>{23f14a5e-8c3a-4df3-ad23-aacb7401e05a}</UniqueIdentifier>
    </Filter>
  </ItemGroup>
  <ItemGroup>
    <ClCompile Include="Source.c">
      <Filter>Source Files</Filter>
    </ClCompile>
    <ClCompile Include="stb_image.c">
      <Filter>Source Files</Filter>
    </ClCompile>
    <ClCompile Include="glad.c">
      <Filter>Source Files</Filter>
    </ClCompile>
    <ClCompile Include="shader.c">
      <Filter>Source Files</Filter>
    </ClCompile>
    <ClCompile Include="block.c">
      <Filter>Source Files</Filter>
    </ClCompile>
    <ClCompile Include="texture.c">
      <Filter>Source Files</Filter>
    </ClCompile>
    <ClCompile Include="chunkmesh.c">
      <Filter>Source Files</Filter>
    </ClCompile>
    <ClCompile Include="chunk.c">
      <Filter>Source Files</Filter>
    </ClCompile>
    <ClCompile Include="world.c">
      <Filter>Source Files</Filter>
    </ClCompile>
    <ClCompile Include="color.c">
      <Filter>Source Files</Filter>
    </ClCompile>
  </ItemGroup>
  <ItemGroup>
    <ResourceCompile Include="opengl_test.rc">
      <Filter>Resource Files</Filter>
    </ResourceCompile>
  </ItemGroup>
  <ItemGroup>
    <None Include="Shaders\BasicFragmentShader.fs.glsl">
      <Filter>Shaders</Filter>
    </None>
    <None Include="Shaders\BasicVertexShader.vs.glsl">
      <Filter>Shaders</Filter>
    </None>
    <None Include="Shaders\LightSource.fs.glsl">
      <Filter>Shaders</Filter>
    </None>
    <None Include="Shaders\LightSource.vs.glsl">
      <Filter>Shaders</Filter>
    </None>
    <None Include="Shaders\LightingShader.vs.glsl">
      <Filter>Shaders</Filter>
    </None>
    <None Include="Shaders\LightingShader.fs.glsl">
      <Filter>Shaders</Filter>
    </None>
  </ItemGroup>
  <ItemGroup>
    <Image Include="Textures\container.jpg">
      <Filter>Textures</Filter>
    </Image>
    <Image Include="Textures\shower_man.png">
      <Filter>Textures</Filter>
    </Image>
    <Image Include="Textures\heav.png">
      <Filter>Textures</Filter>
    </Image>
    <Image Include="Textures\painedsuffering.jpg">
      <Filter>Textures</Filter>
    </Image>
    <Image Include="Textures\rodent.png">
      <Filter>Textures</Filter>
    </Image>
    <Image Include="Textures\Blocks\stone.png">
      <Filter>Resource Files</Filter>
    </Image>
  </ItemGroup>
  <ItemGroup>
    <ClInclude Include="stb_image.h">
      <Filter>Header Files</Filter>
    </ClInclude>
    <ClInclude Include="shader.h">
      <Filter>Header Files</Filter>
    </ClInclude>
    <ClInclude Include="block.h">
      <Filter>Header Files</Filter>
    </ClInclude>
    <ClInclude Include="texture.h">
      <Filter>Header Files</Filter>
    </ClInclude>
    <ClInclude Include="chunkmesh.h">
      <Filter>Header Files</Filter>
    </ClInclude>
    <ClInclude Include="chunk.h">
      <Filter>Header Files</Filter>
    </ClInclude>
    <ClInclude Include="world.h">
      <Filter>Header Files</Filter>
    </ClInclude>
    <ClInclude Include="color.h">
      <Filter>Header Files</Filter>
    </ClInclude>
  </ItemGroup>
</Project>